{
  "name": "160527_liquidfun",
  "lockfileVersion": 3,
  "requires": true,
  "packages": {
    "": {
      "license": "MIT",
      "dependencies": {
        "@types/createjs": "^0.0.32",
        "pixi.js": "^8.19.0"
      },
      "devDependencies": {
        "prettier": "^3.9.5"
      }
    },
    "node_modules/@pixi/colord": {
      "version": "2.9.6",
      "resolved": "https://registry.npmjs.org/@pixi/colord/-/colord-2.9.6.tgz",
      "integrity": "sha512-nezytU2pw587fQstUu1AsJZDVEynjskwOL+kibwcdxsMBFqPsFFNA7xl0ii/gXuDi6M0xj3mfRJj8pBSc2jCfA==",
      "license": "MIT"
    },
    "node_modules/@types/createjs": {
      "version": "0.0.32",
      "resolved": "https://registry.npmjs.org/@types/createjs/-/createjs-0.0.32.tgz",
      "integrity": "sha512-MxZH+aP1XLqL5BpPmKmqAUzGaDP6HeMCAPAZpEaF2LbJi8Tm7FnHZ2beOnqLBsPafuq0EFj2mYfKOoaApAAeGA==",
      "license": "MIT",
      "dependencies": {
        "@types/createjs-lib": "*",
        "@types/easeljs": "*",
        "@types/preloadjs": "*",
        "@types/soundjs": "*",
        "@types/tweenjs": "*"
      }
    },
    "node_modules/@types/createjs-lib": {
      "version": "0.0.33",
      "resolved": "https://registry.npmjs.org/@types/createjs-lib/-/createjs-lib-0.0.33.tgz",
      "integrity": "sha512-mvK1sn2qSyGPwctg/MsjAP5m3/TBx83eB0hcEdZ6UqpuzQqCUWpVyyQddqkbAsKRpMECK0s7JosYXoTtIuNbhw==",
      "license": "MIT"
    },
    "node_modules/@types/earcut": {
      "version": "3.0.0",
      "resolved": "https://registry.npmjs.org/@types/earcut/-/earcut-3.0.0.tgz",
      "integrity": "sha512-k/9fOUGO39yd2sCjrbAJvGDEQvRwRnQIZlBz43roGwUZo5SHAmyVvSFyaVVZkicRVCaDXPKlbxrUcBuJoSWunQ==",
      "license": "MIT"
    },
    "node_modules/@types/easeljs": {
      "version": "1.0.5",
      "resolved": "https://registry.npmjs.org/@types/easeljs/-/easeljs-1.0.5.tgz",
      "integrity": "sha512-YRWGkZdq4trhJhieE0NdLTbOp5zT5yunPJKNqQJWq/X8y7qlmGeQB8hPnQHzMbW9iY38ZV91oXgW7V3U5VY2uw==",
      "license": "MIT",
      "dependencies": {
        "@types/createjs-lib": "*",
        "@types/tweenjs": "*"
      }
    },
    "node_modules/@types/preloadjs": {
      "version": "0.6.36",
      "resolved": "https://registry.npmjs.org/@types/preloadjs/-/preloadjs-0.6.36.tgz",
      "integrity": "sha512-/Xo6BRCkvZiw0VXHszRQJnnTHyfkISPD5DiMj0JDrmQWiw104BxoijjeIlZ0umQxXEUb+gWLZsdZbuEhmP5vsw==",
      "license": "MIT",
      "dependencies": {
        "@types/createjs-lib": "*"
      }
    },
    "node_modules/@types/soundjs": {
      "version": "0.6.31",
      "resolved": "https://registry.npmjs.org/@types/soundjs/-/soundjs-0.6.31.tgz",
      "integrity": "sha512-5bditJi7P1YbRIRa1UFxIr+8vKJYEc6nTZb5NL0647rWGqGf8Ih4GD+0aDWteWIG17EXPw+VTOQE/8LHitnn4A==",
      "license": "MIT",
      "dependencies": {
        "@types/createjs-lib": "*",
        "@types/preloadjs": "*"
      }
    },
    "node_modules/@types/tweenjs": {
      "version": "1.0.8",
      "resolved": "https://registry.npmjs.org/@types/tweenjs/-/tweenjs-1.0.8.tgz",
      "integrity": "sha512-/HTVWu8c+AUJFK9P6b3LRzfodAYwDogtQKoH3ovZmnOY4aNJf+k3VqPx+D+AsLZP06AmoSLzqu9n/E5XCglCZw==",
      "license": "MIT",
      "dependencies": {
        "@types/createjs-lib": "*"
      }
    },
    "node_modules/@webgpu/types": {
      "version": "0.1.72",
      "resolved": "https://registry.npmjs.org/@webgpu/types/-/types-0.1.72.tgz",
      "integrity": "sha512-0cF7RFM2edNoiIS1ODJp0/Gzv4/xSXhwoR0YCza+OWpJWtn4wmo9DvK91aLlH9+uUnwIriP7ZiC3WitmyhuzBw==",
      "license": "BSD-3-Clause"
    },
    "node_modules/@xmldom/xmldom": {
      "version": "0.8.15",
      "resolved": "https://registry.npmjs.org/@xmldom/xmldom/-/xmldom-0.8.15.tgz",
      "integrity": "sha512-/5NV/vDALVFDXgLmfsy9TRCBlKwO2LNBFzpzvb9iIj+jR+eSc6DLYYvVOdivT/jm7MtU6TebYuRmzEOI7w40UA==",
      "license": "MIT",
      "engines": {
        "node": ">=10.0.0"
      }
    },
    "node_modules/earcut": {
      "version": "3.2.3",
      "resolved": "https://registry.npmjs.org/earcut/-/earcut-3.2.3.tgz",
      "integrity": "sha512-vnS4AVwp1KHAF13i1vp1/2D5evWy3k5u/iW/B81QVsUZtV8cv2tU0b2VNFlqvh4kYwrFMDdjPCfAmfyJW9y14Q==",
      "license": "ISC"
    },
    "node_modules/eventemitter3": {
      "version": "5.0.4",
      "resolved": "https://registry.npmjs.org/eventemitter3/-/eventemitter3-5.0.4.tgz",
      "integrity": "sha512-mlsTRyGaPBjPedk6Bvw+aqbsXDtoAyAzm5MO7JgU+yVRyMQ5O8bD4Kcci7BS85f93veegeCPkL8R4GLClnjLFw==",
      "license": "MIT"
    },
    "node_modules/gifuct-js": {
      "version": "2.1.2",
      "resolved": "https://registry.npmjs.org/gifuct-js/-/gifuct-js-2.1.2.tgz",
      "integrity": "sha512-rI2asw77u0mGgwhV3qA+OEgYqaDn5UNqgs+Bx0FGwSpuqfYn+Ir6RQY5ENNQ8SbIiG/m5gVa7CD5RriO4f4Lsg==",
      "license": "MIT",
      "dependencies": {
        "js-binary-schema-parser": "^2.0.3"
      }
    },
    "node_modules/ismobilejs": {
      "version": "1.1.1",
      "resolved": "https://registry.npmjs.org/ismobilejs/-/ismobilejs-1.1.1.tgz",
      "integrity": "sha512-VaFW53yt8QO61k2WJui0dHf4SlL8lxBofUuUmwBo0ljPk0Drz2TiuDW4jo3wDcv41qy/SxrJ+VAzJ/qYqsmzRw==",
      "license": "MIT"
    },
    "node_modules/js-binary-schema-parser": {
      "version": "2.0.3",
      "resolved": "https://registry.npmjs.org/js-binary-schema-parser/-/js-binary-schema-parser-2.0.3.tgz",
      "integrity": "sha512-xezGJmOb4lk/M1ZZLTR/jaBHQ4gG/lqQnJqdIv4721DMggsa1bDVlHXNeHYogaIEHD9vCRv0fcL4hMA+Coarkg==",
      "license": "MIT"
    },
    "node_modules/parse-svg-path": {
      "version": "0.2.0",
      "resolved": "https://registry.npmjs.org/parse-svg-path/-/parse-svg-path-0.2.0.tgz",
      "integrity": "sha512-Tf7FFIrguPKQwzD4pWnYkR2VOv3raoHeKED80Bm+BYHI3KxC8KsgsGC5+fSMzAGDA6UEk4bHvmi+RsjmL3khpg==",
      "license": "MIT"
    },
    "node_modules/pixi.js": {
      "version": "8.20.0",
      "resolved": "https://registry.npmjs.org/pixi.js/-/pixi.js-8.20.0.tgz",
      "integrity": "sha512-WL7+yhxgNnI87AbucMR2X7yXmi/XhhYA25w2wV1QaNv6WMByM02kSX2ryreSq38OavHytFD0zY0bX6Nqgj/WAA==",
      "license": "MIT",
      "workspaces": [
        "examples",
        "playground"
      ],
      "dependencies": {
        "@pixi/colord": "^2.9.6",
        "@types/earcut": "^3.0.0",
        "@webgpu/types": "^0.1.69",
        "@xmldom/xmldom": "^0.8.13",
        "earcut": "^3.0.2",
        "eventemitter3": "^5.0.1",
        "gifuct-js": "^2.1.2",
        "ismobilejs": "^1.1.1",
        "parse-svg-path": "^0.2.0",
        "tiny-lru": "^11.4.7"
      },
      "funding": {
        "type": "opencollective",
        "url": "https://opencollective.com/pixijs"
      }
    },
    "node_modules/prettier": {
      "version": "3.9.6",
      "resolved": "https://registry.npmjs.org/prettier/-/prettier-3.9.6.tgz",
      "integrity": "sha512-OpN0zzVdiaiAhxpuuj5efpIS4sY9j7bY6uR5mnj5yPzGkdkjNKSJeUThPb60Jw29QuAZgA4o+/iB49kFiaBX6g==",
      "dev": true,
      "license": "MIT",
      "bin": {
        "prettier": "bin/prettier.cjs"
      },
      "engines": {
        "node": ">=14"
      },
      "funding": {
        "url": "https://github.com/prettier/prettier?sponsor=1"
      }
    },
    "node_modules/tiny-lru": {
      "version": "11.4.7",
      "resolved": "https://registry.npmjs.org/tiny-lru/-/tiny-lru-11.4.7.tgz",
      "integrity": "sha512-w/Te7uMUVeH0CR8vZIjr+XiN41V+30lkDdK+NRIDCUYKKuL9VcmaUEmaPISuwGhLlrTGh5yu18lENtR9axSxYw==",
      "license": "BSD-3-Clause",
      "engines": {
        "node": ">=12"
      }
    }
  }
}
